
Microsoft Visual Studio Solution File, Format Version 12.00
# Visual Studio Version 16
VisualStudioVersion = 16.0.31515.178
MinimumVisualStudioVersion = 10.0.40219.1
Project("{FAE04EC0-301F-11D3-BF4B-00C04F79EFBC}") = "TupleCalculate", "TupleCalculate\TupleCalculate.csproj", "{473C0042-704D-4168-A0CE-FAF466000906}"
EndProject
Global
	GlobalSection(SolutionConfigurationPlatforms) = preSolution
		Debug|Any CPU = Debug|Any CPU
		Release|Any CPU = Release|Any CPU
	EndGlobalSection
	GlobalSection(ProjectConfigurationPlatforms) = postSolution
		{473C0042-704D-4168-A0CE-FAF466000906}.Debug|Any CPU.ActiveCfg = Debug|Any CPU
		{473C0042-704D-4168-A0CE-FAF466000906}.Debug|Any CPU.Build.0 = Debug|Any CPU
		{473C0042-704D-4168-A0CE-FAF466000906}.Release|Any CPU.ActiveCfg = Release|Any CPU
		{473C0042-704D-4168-A0CE-FAF466000906}.Release|Any CPU.Build.0 = Release|Any CPU
	EndGlobalSection
	GlobalSection(SolutionProperties) = preSolution
		HideSolutionNode = FALSE
	EndGlobalSection
	GlobalSection(ExtensibilityGlobals) = postSolution
		SolutionGuid = {D54B70C5-C19C-43D3-9350-A6CFB40ABE5F}
	EndGlobalSection
EndGlobal
